
Microsoft Visual Studio Solution File, Format Version 12.00
# Visual Studio 15
VisualStudioVersion = 15.0.27703.2035
MinimumVisualStudioVersion = 10.0.40219.1
Project("{9A19103F-16F7-4668-BE54-9A1E7A4F7556}") = "AfxDotNetCoreSample.Controllers", "src\AfxDotNetCoreSample.Controllers\AfxDotNetCoreSample.Controllers.csproj", "{1D8AD4EF-8FC7-453F-982D-F9CB760C79BA}"
EndProject
Project("{9A19103F-16F7-4668-BE54-9A1E7A4F7556}") = "AfxDotNetCoreSample.IService", "src\AfxDotNetCoreSample.IService\AfxDotNetCoreSample.IService.csproj", "{D9D9F95E-9EA8-4F2E-804E-C16E2360ADFD}"
EndProject
Project("{9A19103F-16F7-4668-BE54-9A1E7A4F7556}") = "AfxDotNetCoreSample.Service", "src\AfxDotNetCoreSample.Service\AfxDotNetCoreSample.Service.csproj", "{17468193-3222-4A9B-A7B8-8F3E51F8DF13}"
EndProject
Project("{9A19103F-16F7-4668-BE54-9A1E7A4F7556}") = "AfxDotNetCoreSample.IRepository", "src\AfxDotNetCoreSample.IRepository\AfxDotNetCoreSample.IRepository.csproj", "{915B95A1-D332-4AF4-903B-0D4D047AC31C}"
EndProject
Project("{9A19103F-16F7-4668-BE54-9A1E7A4F7556}") = "AfxDotNetCoreSample.Repository", "src\AfxDotNetCoreSample.Repository\AfxDotNetCoreSample.Repository.csproj", "{3810ACE6-FD0B-4AFF-B7DB-9EF23E9186A8}"
EndProject
Project("{9A19103F-16F7-4668-BE54-9A1E7A4F7556}") = "AfxDotNetCoreSample.ICache", "src\AfxDotNetCoreSample.ICache\AfxDotNetCoreSample.ICache.csproj", "{873C08BA-0F51-4AF2-9C5B-D111094F21E0}"
EndProject
Project("{9A19103F-16F7-4668-BE54-9A1E7A4F7556}") = "AfxDotNetCoreSample.Cache", "src\AfxDotNetCoreSample.Cache\AfxDotNetCoreSample.Cache.csproj", "{037277C5-C35E-4AD3-9BC7-936D19EEA8AB}"
EndProject
Project("{9A19103F-16F7-4668-BE54-9A1E7A4F7556}") = "AfxDotNetCoreSample.Models", "src\AfxDotNetCoreSample.Models\AfxDotNetCoreSample.Models.csproj", "{6AC182A2-03D0-4F95-B65A-51FB67F5AC41}"
EndProject
Project("{9A19103F-16F7-4668-BE54-9A1E7A4F7556}") = "AfxDotNetCoreSample.Common", "src\AfxDotNetCoreSample.Common\AfxDotNetCoreSample.Common.csproj", "{C1933E2C-FD0B-4471-8623-05B9AB8BF4CE}"
EndProject
Project("{9A19103F-16F7-4668-BE54-9A1E7A4F7556}") = "AfxDotNetCoreSample.Dto", "src\AfxDotNetCoreSample.Dto\AfxDotNetCoreSample.Dto.csproj", "{AE2E6030-3393-4123-8293-5A3DD6B564AA}"
EndProject
Project("{9A19103F-16F7-4668-BE54-9A1E7A4F7556}") = "AfxDotNetCoreSample.Enums", "src\AfxDotNetCoreSample.Enums\AfxDotNetCoreSample.Enums.csproj", "{240416F7-5EE9-41EB-BC29-F1335EC0A566}"
EndProject
Project("{2150E333-8FDC-42A3-9474-1A3956D46DE8}") = "01 Dto", "01 Dto", "{CF0FE65B-C5AA-451B-AA9C-712437DE5DD1}"
EndProject
Project("{2150E333-8FDC-42A3-9474-1A3956D46DE8}") = "02 Web", "02 Web", "{689835B9-8E04-4589-A813-710C39073666}"
EndProject
Project("{2150E333-8FDC-42A3-9474-1A3956D46DE8}") = "03 Controller", "03 Controller", "{E114A130-0FCD-4A75-9228-309E8578FE3B}"
EndProject
Project("{2150E333-8FDC-42A3-9474-1A3956D46DE8}") = "04 Service", "04 Service", "{52D5CBDD-80B8-49BF-8C0C-7A534F4DFBB2}"
EndProject
Project("{2150E333-8FDC-42A3-9474-1A3956D46DE8}") = "05 Repository", "05 Repository", "{7099737A-26FE-408F-A55C-7F538B8CC39F}"
EndProject
Project("{2150E333-8FDC-42A3-9474-1A3956D46DE8}") = "06 Cache", "06 Cache", "{6BCAD647-B81F-4BF2-837B-BBF1740D040C}"
EndProject
Project("{2150E333-8FDC-42A3-9474-1A3956D46DE8}") = "07 Models", "07 Models", "{3F3DCF28-DFC0-4405-B937-E28BA9660A21}"
EndProject
Project("{2150E333-8FDC-42A3-9474-1A3956D46DE8}") = "08 Common", "08 Common", "{55C40BB1-8AF6-4B39-A7EC-99A12F31335C}"
EndProject
Project("{9A19103F-16F7-4668-BE54-9A1E7A4F7556}") = "AfxDotNetCoreSample.Web", "src\AfxDotNetCoreSample.Web\AfxDotNetCoreSample.Web.csproj", "{E9B4AE5D-36FF-42BF-B1D4-BF6E06A8FC0C}"
EndProject
Global
	GlobalSection(SolutionConfigurationPlatforms) = preSolution
		Debug|Any CPU = Debug|Any CPU
		Release|Any CPU = Release|Any CPU
	EndGlobalSection
	GlobalSection(ProjectConfigurationPlatforms) = postSolution
		{1D8AD4EF-8FC7-453F-982D-F9CB760C79BA}.Debug|Any CPU.ActiveCfg = Debug|Any CPU
		{1D8AD4EF-8FC7-453F-982D-F9CB760C79BA}.Debug|Any CPU.Build.0 = Debug|Any CPU
		{1D8AD4EF-8FC7-453F-982D-F9CB760C79BA}.Release|Any CPU.ActiveCfg = Release|Any CPU
		{1D8AD4EF-8FC7-453F-982D-F9CB760C79BA}.Release|Any CPU.Build.0 = Release|Any CPU
		{D9D9F95E-9EA8-4F2E-804E-C16E2360ADFD}.Debug|Any CPU.ActiveCfg = Debug|Any CPU
		{D9D9F95E-9EA8-4F2E-804E-C16E2360ADFD}.Debug|Any CPU.Build.0 = Debug|Any CPU
		{D9D9F95E-9EA8-4F2E-804E-C16E2360ADFD}.Release|Any CPU.ActiveCfg = Release|Any CPU
		{D9D9F95E-9EA8-4F2E-804E-C16E2360ADFD}.Release|Any CPU.Build.0 = Release|Any CPU
		{17468193-3222-4A9B-A7B8-8F3E51F8DF13}.Debug|Any CPU.ActiveCfg = Debug|Any CPU
		{17468193-3222-4A9B-A7B8-8F3E51F8DF13}.Debug|Any CPU.Build.0 = Debug|Any CPU
		{17468193-3222-4A9B-A7B8-8F3E51F8DF13}.Release|Any CPU.ActiveCfg = Release|Any CPU
		{17468193-3222-4A9B-A7B8-8F3E51F8DF13}.Release|Any CPU.Build.0 = Release|Any CPU
		{915B95A1-D332-4AF4-903B-0D4D047AC31C}.Debug|Any CPU.ActiveCfg = Debug|Any CPU
		{915B95A1-D332-4AF4-903B-0D4D047AC31C}.Debug|Any CPU.Build.0 = Debug|Any CPU
		{915B95A1-D332-4AF4-903B-0D4D047AC31C}.Release|Any CPU.ActiveCfg = Release|Any CPU
		{915B95A1-D332-4AF4-903B-0D4D047AC31C}.Release|Any CPU.Build.0 = Release|Any CPU
		{3810ACE6-FD0B-4AFF-B7DB-9EF23E9186A8}.Debug|Any CPU.ActiveCfg = Debug|Any CPU
		{3810ACE6-FD0B-4AFF-B7DB-9EF23E9186A8}.Debug|Any CPU.Build.0 = Debug|Any CPU
		{3810ACE6-FD0B-4AFF-B7DB-9EF23E9186A8}.Release|Any CPU.ActiveCfg = Release|Any CPU
		{3810ACE6-FD0B-4AFF-B7DB-9EF23E9186A8}.Release|Any CPU.Build.0 = Release|Any CPU
		{873C08BA-0F51-4AF2-9C5B-D111094F21E0}.Debug|Any CPU.ActiveCfg = Debug|Any CPU
		{873C08BA-0F51-4AF2-9C5B-D111094F21E0}.Debug|Any CPU.Build.0 = Debug|Any CPU
		{873C08BA-0F51-4AF2-9C5B-D111094F21E0}.Release|Any CPU.ActiveCfg = Release|Any CPU
		{873C08BA-0F51-4AF2-9C5B-D111094F21E0}.Release|Any CPU.Build.0 = Release|Any CPU
		{037277C5-C35E-4AD3-9BC7-936D19EEA8AB}.Debug|Any CPU.ActiveCfg = Debug|Any CPU
		{037277C5-C35E-4AD3-9BC7-936D19EEA8AB}.Debug|Any CPU.Build.0 = Debug|Any CPU
		{037277C5-C35E-4AD3-9BC7-936D19EEA8AB}.Release|Any CPU.ActiveCfg = Release|Any CPU
		{037277C5-C35E-4AD3-9BC7-936D19EEA8AB}.Release|Any CPU.Build.0 = Release|Any CPU
		{6AC182A2-03D0-4F95-B65A-51FB67F5AC41}.Debug|Any CPU.ActiveCfg = Debug|Any CPU
		{6AC182A2-03D0-4F95-B65A-51FB67F5AC41}.Debug|Any CPU.Build.0 = Debug|Any CPU
		{6AC182A2-03D0-4F95-B65A-51FB67F5AC41}.Release|Any CPU.ActiveCfg = Release|Any CPU
		{6AC182A2-03D0-4F95-B65A-51FB67F5AC41}.Release|Any CPU.Build.0 = Release|Any CPU
		{C1933E2C-FD0B-4471-8623-05B9AB8BF4CE}.Debug|Any CPU.ActiveCfg = Debug|Any CPU
		{C1933E2C-FD0B-4471-8623-05B9AB8BF4CE}.Debug|Any CPU.Build.0 = Debug|Any CPU
		{C1933E2C-FD0B-4471-8623-05B9AB8BF4CE}.Release|Any CPU.ActiveCfg = Release|Any CPU
		{C1933E2C-FD0B-4471-8623-05B9AB8BF4CE}.Release|Any CPU.Build.0 = Release|Any CPU
		{AE2E6030-3393-4123-8293-5A3DD6B564AA}.Debug|Any CPU.ActiveCfg = Debug|Any CPU
		{AE2E6030-3393-4123-8293-5A3DD6B564AA}.Debug|Any CPU.Build.0 = Debug|Any CPU
		{AE2E6030-3393-4123-8293-5A3DD6B564AA}.Release|Any CPU.ActiveCfg = Release|Any CPU
		{AE2E6030-3393-4123-8293-5A3DD6B564AA}.Release|Any CPU.Build.0 = Release|Any CPU
		{240416F7-5EE9-41EB-BC29-F1335EC0A566}.Debug|Any CPU.ActiveCfg = Debug|Any CPU
		{240416F7-5EE9-41EB-BC29-F1335EC0A566}.Debug|Any CPU.Build.0 = Debug|Any CPU
		{240416F7-5EE9-41EB-BC29-F1335EC0A566}.Release|Any CPU.ActiveCfg = Release|Any CPU
		{240416F7-5EE9-41EB-BC29-F1335EC0A566}.Release|Any CPU.Build.0 = Release|Any CPU
		{E9B4AE5D-36FF-42BF-B1D4-BF6E06A8FC0C}.Debug|Any CPU.ActiveCfg = Debug|Any CPU
		{E9B4AE5D-36FF-42BF-B1D4-BF6E06A8FC0C}.Debug|Any CPU.Build.0 = Debug|Any CPU
		{E9B4AE5D-36FF-42BF-B1D4-BF6E06A8FC0C}.Release|Any CPU.ActiveCfg = Release|Any CPU
		{E9B4AE5D-36FF-42BF-B1D4-BF6E06A8FC0C}.Release|Any CPU.Build.0 = Release|Any CPU
	EndGlobalSection
	GlobalSection(SolutionProperties) = preSolution
		HideSolutionNode = FALSE
	EndGlobalSection
	GlobalSection(NestedProjects) = preSolution
		{1D8AD4EF-8FC7-453F-982D-F9CB760C79BA} = {E114A130-0FCD-4A75-9228-309E8578FE3B}
		{D9D9F95E-9EA8-4F2E-804E-C16E2360ADFD} = {52D5CBDD-80B8-49BF-8C0C-7A534F4DFBB2}
		{17468193-3222-4A9B-A7B8-8F3E51F8DF13} = {52D5CBDD-80B8-49BF-8C0C-7A534F4DFBB2}
		{915B95A1-D332-4AF4-903B-0D4D047AC31C} = {7099737A-26FE-408F-A55C-7F538B8CC39F}
		{3810ACE6-FD0B-4AFF-B7DB-9EF23E9186A8} = {7099737A-26FE-408F-A55C-7F538B8CC39F}
		{873C08BA-0F51-4AF2-9C5B-D111094F21E0} = {6BCAD647-B81F-4BF2-837B-BBF1740D040C}
		{037277C5-C35E-4AD3-9BC7-936D19EEA8AB} = {6BCAD647-B81F-4BF2-837B-BBF1740D040C}
		{6AC182A2-03D0-4F95-B65A-51FB67F5AC41} = {3F3DCF28-DFC0-4405-B937-E28BA9660A21}
		{C1933E2C-FD0B-4471-8623-05B9AB8BF4CE} = {55C40BB1-8AF6-4B39-A7EC-99A12F31335C}
		{AE2E6030-3393-4123-8293-5A3DD6B564AA} = {CF0FE65B-C5AA-451B-AA9C-712437DE5DD1}
		{240416F7-5EE9-41EB-BC29-F1335EC0A566} = {CF0FE65B-C5AA-451B-AA9C-712437DE5DD1}
		{E9B4AE5D-36FF-42BF-B1D4-BF6E06A8FC0C} = {689835B9-8E04-4589-A813-710C39073666}
	EndGlobalSection
	GlobalSection(ExtensibilityGlobals) = postSolution
		SolutionGuid = {903FBC84-0332-4B05-BA78-4A2810D489B8}
	EndGlobalSection
EndGlobal
