
Microsoft Visual Studio Solution File, Format Version 12.00
# Visual Studio 15
VisualStudioVersion = 15.0.27703.2047
MinimumVisualStudioVersion = 10.0.40219.1
Project("{9A19103F-16F7-4668-BE54-9A1E7A4F7556}") = "AfxDotNetCoreSample.Web", "src\AfxDotNetCoreSample.Web\AfxDotNetCoreSample.Web.csproj", "{299C6636-8598-4A53-936A-C60BF4D590FE}"
EndProject
Project("{FAE04EC0-301F-11D3-BF4B-00C04F79EFBC}") = "AfxDotNetCoreSample.Dto", "src\AfxDotNetCoreSample.Dto\AfxDotNetCoreSample.Dto.csproj", "{A0B2EE3E-7001-48CA-855A-9FDD2EF1EA9D}"
EndProject
Project("{FAE04EC0-301F-11D3-BF4B-00C04F79EFBC}") = "AfxDotNetCoreSample.Enums", "src\AfxDotNetCoreSample.Enums\AfxDotNetCoreSample.Enums.csproj", "{FC24923D-35C8-40F4-BE0F-8C8A988A836D}"
EndProject
Project("{FAE04EC0-301F-11D3-BF4B-00C04F79EFBC}") = "AfxDotNetCoreSample.IService", "src\AfxDotNetCoreSample.IService\AfxDotNetCoreSample.IService.csproj", "{673465F8-3B96-49D3-89FF-9AF24AD69ED6}"
EndProject
Project("{FAE04EC0-301F-11D3-BF4B-00C04F79EFBC}") = "AfxDotNetCoreSample.Service", "src\AfxDotNetCoreSample.Service\AfxDotNetCoreSample.Service.csproj", "{2C9A577A-3C3A-4928-B951-CB254C7FB034}"
EndProject
Project("{FAE04EC0-301F-11D3-BF4B-00C04F79EFBC}") = "AfxDotNetCoreSample.IRepository", "src\AfxDotNetCoreSample.IRepository\AfxDotNetCoreSample.IRepository.csproj", "{BAC1559B-F46E-468D-948C-7420184412BE}"
EndProject
Project("{FAE04EC0-301F-11D3-BF4B-00C04F79EFBC}") = "AfxDotNetCoreSample.Repository", "src\AfxDotNetCoreSample.Repository\AfxDotNetCoreSample.Repository.csproj", "{79F59E66-8C7D-4C54-87B2-30F6C9C69EFC}"
EndProject
Project("{FAE04EC0-301F-11D3-BF4B-00C04F79EFBC}") = "AfxDotNetCoreSample.ICache", "src\AfxDotNetCoreSample.ICache\AfxDotNetCoreSample.ICache.csproj", "{E8DA928C-85DA-4426-9B03-1DA30FA542CB}"
EndProject
Project("{FAE04EC0-301F-11D3-BF4B-00C04F79EFBC}") = "AfxDotNetCoreSample.Cache", "src\AfxDotNetCoreSample.Cache\AfxDotNetCoreSample.Cache.csproj", "{4ACA3E4D-131E-49C8-9753-19A243948A23}"
EndProject
Project("{FAE04EC0-301F-11D3-BF4B-00C04F79EFBC}") = "AfxDotNetCoreSample.Models", "src\AfxDotNetCoreSample.Models\AfxDotNetCoreSample.Models.csproj", "{A97488DA-6AF8-40B6-A395-377E0C14F915}"
EndProject
Project("{FAE04EC0-301F-11D3-BF4B-00C04F79EFBC}") = "AfxDotNetCoreSample.Common", "src\AfxDotNetCoreSample.Common\AfxDotNetCoreSample.Common.csproj", "{596FD0CC-409D-4EF5-9564-7723834116B0}"
EndProject
Project("{2150E333-8FDC-42A3-9474-1A3956D46DE8}") = "01 Dto", "01 Dto", "{A9BF37BD-512F-47D3-B4F4-F55E6362EF9B}"
EndProject
Project("{2150E333-8FDC-42A3-9474-1A3956D46DE8}") = "02 Web", "02 Web", "{6FFF80AE-0B5E-4EC6-9506-1F9EC5C22651}"
EndProject
Project("{2150E333-8FDC-42A3-9474-1A3956D46DE8}") = "03 Service", "03 Service", "{D7371929-4B79-4477-890D-34FE2F6D2F8D}"
EndProject
Project("{2150E333-8FDC-42A3-9474-1A3956D46DE8}") = "04 Repository", "04 Repository", "{B4107870-839E-4EED-A612-F8EC0C60FE03}"
EndProject
Project("{2150E333-8FDC-42A3-9474-1A3956D46DE8}") = "05 Cache", "05 Cache", "{34A0D4A9-883C-48D8-B95F-101C4A7B7D19}"
EndProject
Project("{2150E333-8FDC-42A3-9474-1A3956D46DE8}") = "06 Models", "06 Models", "{7418FC94-6EBB-4FBE-A431-5366BF010891}"
EndProject
Project("{2150E333-8FDC-42A3-9474-1A3956D46DE8}") = "07 Common", "07 Common", "{E87592A7-F361-4E84-A66A-6507F433D1EC}"
EndProject
Global
	GlobalSection(SolutionConfigurationPlatforms) = preSolution
		Debug|Any CPU = Debug|Any CPU
		Release|Any CPU = Release|Any CPU
	EndGlobalSection
	GlobalSection(ProjectConfigurationPlatforms) = postSolution
		{299C6636-8598-4A53-936A-C60BF4D590FE}.Debug|Any CPU.ActiveCfg = Debug|Any CPU
		{299C6636-8598-4A53-936A-C60BF4D590FE}.Debug|Any CPU.Build.0 = Debug|Any CPU
		{299C6636-8598-4A53-936A-C60BF4D590FE}.Release|Any CPU.ActiveCfg = Release|Any CPU
		{299C6636-8598-4A53-936A-C60BF4D590FE}.Release|Any CPU.Build.0 = Release|Any CPU
		{A0B2EE3E-7001-48CA-855A-9FDD2EF1EA9D}.Debug|Any CPU.ActiveCfg = Debug|Any CPU
		{A0B2EE3E-7001-48CA-855A-9FDD2EF1EA9D}.Debug|Any CPU.Build.0 = Debug|Any CPU
		{A0B2EE3E-7001-48CA-855A-9FDD2EF1EA9D}.Release|Any CPU.ActiveCfg = Release|Any CPU
		{A0B2EE3E-7001-48CA-855A-9FDD2EF1EA9D}.Release|Any CPU.Build.0 = Release|Any CPU
		{FC24923D-35C8-40F4-BE0F-8C8A988A836D}.Debug|Any CPU.ActiveCfg = Debug|Any CPU
		{FC24923D-35C8-40F4-BE0F-8C8A988A836D}.Debug|Any CPU.Build.0 = Debug|Any CPU
		{FC24923D-35C8-40F4-BE0F-8C8A988A836D}.Release|Any CPU.ActiveCfg = Release|Any CPU
		{FC24923D-35C8-40F4-BE0F-8C8A988A836D}.Release|Any CPU.Build.0 = Release|Any CPU
		{673465F8-3B96-49D3-89FF-9AF24AD69ED6}.Debug|Any CPU.ActiveCfg = Debug|Any CPU
		{673465F8-3B96-49D3-89FF-9AF24AD69ED6}.Debug|Any CPU.Build.0 = Debug|Any CPU
		{673465F8-3B96-49D3-89FF-9AF24AD69ED6}.Release|Any CPU.ActiveCfg = Release|Any CPU
		{673465F8-3B96-49D3-89FF-9AF24AD69ED6}.Release|Any CPU.Build.0 = Release|Any CPU
		{2C9A577A-3C3A-4928-B951-CB254C7FB034}.Debug|Any CPU.ActiveCfg = Debug|Any CPU
		{2C9A577A-3C3A-4928-B951-CB254C7FB034}.Debug|Any CPU.Build.0 = Debug|Any CPU
		{2C9A577A-3C3A-4928-B951-CB254C7FB034}.Release|Any CPU.ActiveCfg = Release|Any CPU
		{2C9A577A-3C3A-4928-B951-CB254C7FB034}.Release|Any CPU.Build.0 = Release|Any CPU
		{BAC1559B-F46E-468D-948C-7420184412BE}.Debug|Any CPU.ActiveCfg = Debug|Any CPU
		{BAC1559B-F46E-468D-948C-7420184412BE}.Debug|Any CPU.Build.0 = Debug|Any CPU
		{BAC1559B-F46E-468D-948C-7420184412BE}.Release|Any CPU.ActiveCfg = Release|Any CPU
		{BAC1559B-F46E-468D-948C-7420184412BE}.Release|Any CPU.Build.0 = Release|Any CPU
		{79F59E66-8C7D-4C54-87B2-30F6C9C69EFC}.Debug|Any CPU.ActiveCfg = Debug|Any CPU
		{79F59E66-8C7D-4C54-87B2-30F6C9C69EFC}.Debug|Any CPU.Build.0 = Debug|Any CPU
		{79F59E66-8C7D-4C54-87B2-30F6C9C69EFC}.Release|Any CPU.ActiveCfg = Release|Any CPU
		{79F59E66-8C7D-4C54-87B2-30F6C9C69EFC}.Release|Any CPU.Build.0 = Release|Any CPU
		{E8DA928C-85DA-4426-9B03-1DA30FA542CB}.Debug|Any CPU.ActiveCfg = Debug|Any CPU
		{E8DA928C-85DA-4426-9B03-1DA30FA542CB}.Debug|Any CPU.Build.0 = Debug|Any CPU
		{E8DA928C-85DA-4426-9B03-1DA30FA542CB}.Release|Any CPU.ActiveCfg = Release|Any CPU
		{E8DA928C-85DA-4426-9B03-1DA30FA542CB}.Release|Any CPU.Build.0 = Release|Any CPU
		{4ACA3E4D-131E-49C8-9753-19A243948A23}.Debug|Any CPU.ActiveCfg = Debug|Any CPU
		{4ACA3E4D-131E-49C8-9753-19A243948A23}.Debug|Any CPU.Build.0 = Debug|Any CPU
		{4ACA3E4D-131E-49C8-9753-19A243948A23}.Release|Any CPU.ActiveCfg = Release|Any CPU
		{4ACA3E4D-131E-49C8-9753-19A243948A23}.Release|Any CPU.Build.0 = Release|Any CPU
		{A97488DA-6AF8-40B6-A395-377E0C14F915}.Debug|Any CPU.ActiveCfg = Debug|Any CPU
		{A97488DA-6AF8-40B6-A395-377E0C14F915}.Debug|Any CPU.Build.0 = Debug|Any CPU
		{A97488DA-6AF8-40B6-A395-377E0C14F915}.Release|Any CPU.ActiveCfg = Release|Any CPU
		{A97488DA-6AF8-40B6-A395-377E0C14F915}.Release|Any CPU.Build.0 = Release|Any CPU
		{596FD0CC-409D-4EF5-9564-7723834116B0}.Debug|Any CPU.ActiveCfg = Debug|Any CPU
		{596FD0CC-409D-4EF5-9564-7723834116B0}.Debug|Any CPU.Build.0 = Debug|Any CPU
		{596FD0CC-409D-4EF5-9564-7723834116B0}.Release|Any CPU.ActiveCfg = Release|Any CPU
		{596FD0CC-409D-4EF5-9564-7723834116B0}.Release|Any CPU.Build.0 = Release|Any CPU
	EndGlobalSection
	GlobalSection(SolutionProperties) = preSolution
		HideSolutionNode = FALSE
	EndGlobalSection
	GlobalSection(NestedProjects) = preSolution
		{299C6636-8598-4A53-936A-C60BF4D590FE} = {6FFF80AE-0B5E-4EC6-9506-1F9EC5C22651}
		{A0B2EE3E-7001-48CA-855A-9FDD2EF1EA9D} = {A9BF37BD-512F-47D3-B4F4-F55E6362EF9B}
		{FC24923D-35C8-40F4-BE0F-8C8A988A836D} = {A9BF37BD-512F-47D3-B4F4-F55E6362EF9B}
		{673465F8-3B96-49D3-89FF-9AF24AD69ED6} = {D7371929-4B79-4477-890D-34FE2F6D2F8D}
		{2C9A577A-3C3A-4928-B951-CB254C7FB034} = {D7371929-4B79-4477-890D-34FE2F6D2F8D}
		{BAC1559B-F46E-468D-948C-7420184412BE} = {B4107870-839E-4EED-A612-F8EC0C60FE03}
		{79F59E66-8C7D-4C54-87B2-30F6C9C69EFC} = {B4107870-839E-4EED-A612-F8EC0C60FE03}
		{E8DA928C-85DA-4426-9B03-1DA30FA542CB} = {34A0D4A9-883C-48D8-B95F-101C4A7B7D19}
		{4ACA3E4D-131E-49C8-9753-19A243948A23} = {34A0D4A9-883C-48D8-B95F-101C4A7B7D19}
		{A97488DA-6AF8-40B6-A395-377E0C14F915} = {7418FC94-6EBB-4FBE-A431-5366BF010891}
		{596FD0CC-409D-4EF5-9564-7723834116B0} = {E87592A7-F361-4E84-A66A-6507F433D1EC}
	EndGlobalSection
	GlobalSection(ExtensibilityGlobals) = postSolution
		SolutionGuid = {E0750D5E-AAB6-4581-BEF7-583FB750CCBA}
	EndGlobalSection
EndGlobal
